<?xml version="1.0" encoding="utf-8"?>
<Project ToolsVersion="4.0" xmlns="http://schemas.microsoft.com/developer/msbuild/2003">
  <ItemGroup>
    <Filter Include="Source Files">
      <UniqueIdentifier>{4FC737F1-C7A5-4376-A066-2A32D752A2FF}</UniqueIdentifier>
      <Extensions>cpp;c;cc;cxx;def;odl;idl;hpj;bat;asm;asmx</Extensions>
    </Filter>
    <Filter Include="Header Files">
      <UniqueIdentifier>{93995380-89BD-4b04-88EB-625FBE52EBFB}</UniqueIdentifier>
      <Extensions>h;hpp;hxx;hm;inl;inc;xsd</Extensions>
    </Filter>
    <Filter Include="Resource Files">
      <UniqueIdentifier>{67DA6AB6-F800-4c08-8B7A-83BB121AAD01}</UniqueIdentifier>
      <Extensions>rc;ico;cur;bmp;dlg;rc2;rct;bin;rgs;gif;jpg;jpeg;jpe;resx;tiff;tif;png;wav</Extensions>
    </Filter>
    <Filter Include="Source Files\Animation">
      <UniqueIdentifier>{25bd3f99-1047-4b61-a5b0-62a8c9a8ca34}</UniqueIdentifier>
    </Filter>
    <Filter Include="Source Files\Configuration">
      <UniqueIdentifier>{43c3eb69-c1d6-40e3-9573-cc400966712c}</UniqueIdentifier>
    </Filter>
    <Filter Include="Source Files\Input">
      <UniqueIdentifier>{44216863-2550-4f0e-b941-68de784c23c6}</UniqueIdentifier>
    </Filter>
    <Filter Include="Source Files\Input\Win32">
      <UniqueIdentifier>{f718ad56-5c29-4be1-96db-3c8b74c98a9d}</UniqueIdentifier>
    </Filter>
    <Filter Include="Source Files\Input\XInput">
      <UniqueIdentifier>{8858ab31-2bef-49fb-9899-48100fc782ff}</UniqueIdentifier>
    </Filter>
    <Filter Include="Source Files\Networking">
      <UniqueIdentifier>{b62807a8-8006-4d3c-9c34-10ca15d01416}</UniqueIdentifier>
    </Filter>
    <Filter Include="Source Files\Networking\Steamworks">
      <UniqueIdentifier>{24d31d34-eaa7-4667-9fca-58cf2d998670}</UniqueIdentifier>
    </Filter>
    <Filter Include="Source Files\Physics">
      <UniqueIdentifier>{07d55408-4e61-4602-8e31-a7f1efabcff6}</UniqueIdentifier>
    </Filter>
    <Filter Include="Source Files\Renderer">
      <UniqueIdentifier>{c4240366-799b-49e9-aeef-7024b306df9a}</UniqueIdentifier>
    </Filter>
    <Filter Include="Source Files\Renderer\Direct3D">
      <UniqueIdentifier>{00f7cf0b-64b8-4119-95fe-da7e6e99afcc}</UniqueIdentifier>
    </Filter>
    <Filter Include="Source Files\Scripting">
      <UniqueIdentifier>{4561e1ed-4ad2-4991-894d-bdacd366d321}</UniqueIdentifier>
    </Filter>
    <Filter Include="Source Files\Scripting\Angelscript">
      <UniqueIdentifier>{58eb81f1-b1d8-4c97-a42e-1c991e8815a7}</UniqueIdentifier>
    </Filter>
    <Filter Include="Source Files\Scripting\Angelscript\Script Utilities">
      <UniqueIdentifier>{f9278449-8836-4cd1-9079-98849783c499}</UniqueIdentifier>
    </Filter>
    <Filter Include="Source Files\Utility">
      <UniqueIdentifier>{2af14c43-dc78-4df0-975e-a402a791b684}</UniqueIdentifier>
    </Filter>
    <Filter Include="Source Files\Utility\Memory">
      <UniqueIdentifier>{8cf6c7b3-18a8-4736-a0d0-b3150f89c1a4}</UniqueIdentifier>
    </Filter>
    <Filter Include="Source Files\Utility\Containers">
      <UniqueIdentifier>{44f5ec5f-58cd-49a7-8378-feca26d53e58}</UniqueIdentifier>
    </Filter>
    <Filter Include="Source Files\Utility\Math">
      <UniqueIdentifier>{1ed0deb4-1ed8-4561-b048-486239e2caf3}</UniqueIdentifier>
    </Filter>
    <Filter Include="Header Files\Animation">
      <UniqueIdentifier>{22a8a921-290a-4549-8c34-5cd2055a299b}</UniqueIdentifier>
    </Filter>
    <Filter Include="Header Files\Configuration">
      <UniqueIdentifier>{b017f59a-b5f1-4b5a-b7cd-d690de2c7c32}</UniqueIdentifier>
    </Filter>
    <Filter Include="Header Files\Input">
      <UniqueIdentifier>{a6bf8c02-bc7a-4176-bbbc-0463abfa80c6}</UniqueIdentifier>
    </Filter>
    <Filter Include="Header Files\Input\Win32">
      <UniqueIdentifier>{da465655-a753-40c9-a163-19e4e5c35cfb}</UniqueIdentifier>
    </Filter>
    <Filter Include="Header Files\Input\XInput">
      <UniqueIdentifier>{2b1b12e8-02dd-4c42-9479-21f2d2ad0495}</UniqueIdentifier>
    </Filter>
    <Filter Include="Header Files\Networking">
      <UniqueIdentifier>{c028f8ea-db62-4d2d-a511-1a932233a0cb}</UniqueIdentifier>
    </Filter>
    <Filter Include="Header Files\Networking\Steamworks">
      <UniqueIdentifier>{10765271-2071-47bc-86b7-50eda5f20c99}</UniqueIdentifier>
    </Filter>
    <Filter Include="Header Files\Physics">
      <UniqueIdentifier>{298cb508-f8f8-44d3-82f7-0a8fd9a268c3}</UniqueIdentifier>
    </Filter>
    <Filter Include="Header Files\Renderer">
      <UniqueIdentifier>{328e5b69-7123-49f1-987b-afaa5134357b}</UniqueIdentifier>
    </Filter>
    <Filter Include="Header Files\Renderer\Direct3D">
      <UniqueIdentifier>{c242046a-5770-4e49-9e58-6fd28ef36ac3}</UniqueIdentifier>
    </Filter>
    <Filter Include="Header Files\Scripting">
      <UniqueIdentifier>{5e66b86e-bd39-4ea9-b45f-e0136e907b81}</UniqueIdentifier>
    </Filter>
    <Filter Include="Header Files\Scripting\Angelscript">
      <UniqueIdentifier>{acb4101f-e449-4560-b7df-5623cd47f496}</UniqueIdentifier>
    </Filter>
    <Filter Include="Header Files\Utility">
      <UniqueIdentifier>{cd1a12b1-becb-4a18-892b-75ac715f59e3}</UniqueIdentifier>
    </Filter>
    <Filter Include="Header Files\Utility\Memory">
      <UniqueIdentifier>{a5750cf4-4045-41f5-b71f-bf44324316e4}</UniqueIdentifier>
    </Filter>
    <Filter Include="Header Files\Utility\Containers">
      <UniqueIdentifier>{2d439bc5-b6a7-4ab0-a394-3affae718fb4}</UniqueIdentifier>
    </Filter>
    <Filter Include="Header Files\Utility\Math">
      <UniqueIdentifier>{c03f0771-ed6b-4727-84bd-4033c56e8386}</UniqueIdentifier>
    </Filter>
    <Filter Include="Header Files\Physics\PhysX">
      <UniqueIdentifier>{1d6d41b4-94ba-4e55-b3f4-f749c9dd03af}</UniqueIdentifier>
    </Filter>
    <Filter Include="Source Files\Physics\PhysX">
      <UniqueIdentifier>{d024a9b2-fde1-4961-856d-265b76a49a16}</UniqueIdentifier>
    </Filter>
    <Filter Include="Header Files\Renderer\Vulkan">
      <UniqueIdentifier>{291b1b03-f47a-4268-b6b4-4b39fed526e2}</UniqueIdentifier>
    </Filter>
    <Filter Include="Source Files\Renderer\Vulkan">
      <UniqueIdentifier>{d36fdeb3-6c21-4522-a31c-43031cd7bef8}</UniqueIdentifier>
    </Filter>
    <Filter Include="Header Files\UserInterface">
      <UniqueIdentifier>{b51a74b9-f6cf-4a7e-9b4c-9f5712671d11}</UniqueIdentifier>
    </Filter>
    <Filter Include="Source Files\UserInterface">
      <UniqueIdentifier>{75fcb54d-9637-40a8-91b2-b6b05b3f2fc5}</UniqueIdentifier>
    </Filter>
    <Filter Include="Header Files\UserInterface\Nuklear">
      <UniqueIdentifier>{b3d3c6da-cba4-4b45-aa3c-3ea466717e8a}</UniqueIdentifier>
    </Filter>
    <Filter Include="Source Files\UserInterface\Nuklear">
      <UniqueIdentifier>{a6d80f77-c058-45b9-9e46-f124d353424a}</UniqueIdentifier>
    </Filter>
    <Filter Include="Header Files\Physics\PhysX\ScriptComponents">
      <UniqueIdentifier>{e7a5ba44-6303-4cd8-92b4-319c9be22df6}</UniqueIdentifier>
    </Filter>
    <Filter Include="Source Files\Physics\PhysX\ScriptComponents">
      <UniqueIdentifier>{77d877a1-ba8a-4608-a38a-2ba153920fe2}</UniqueIdentifier>
    </Filter>
    <Filter Include="Header Files\Scripting\Angelscript\ScriptComponents">
      <UniqueIdentifier>{c409d360-516a-402e-b3ce-25cdef19d856}</UniqueIdentifier>
    </Filter>
    <Filter Include="Header Files\Scripting\Angelscript\Utilities">
      <UniqueIdentifier>{44bb42b8-7a1b-4c81-a10e-4f00b08a558c}</UniqueIdentifier>
    </Filter>
    <Filter Include="Header Files\Renderer\Vulkan\ScriptComponents">
      <UniqueIdentifier>{1e37eba8-6b6b-4278-bd31-202ebc4d0c73}</UniqueIdentifier>
    </Filter>
    <Filter Include="Source Files\Renderer\Vulkan\ScriptComponents">
      <UniqueIdentifier>{62b8370e-74dd-4e44-9321-587f6c05322d}</UniqueIdentifier>
    </Filter>
    <Filter Include="Header Files\Physics\PhysX\AssetViews">
      <UniqueIdentifier>{c761f84a-a02c-44c9-9737-3cc8a1cdd6af}</UniqueIdentifier>
    </Filter>
    <Filter Include="Source Files\Physics\PhysX\AssetViews">
      <UniqueIdentifier>{3f73d782-7a11-4e07-be19-5451f154b613}</UniqueIdentifier>
    </Filter>
    <Filter Include="Source Files\Renderer\Vulkan\AssetViews">
      <UniqueIdentifier>{58ebdec4-c5f4-4c0f-8da4-9923513f7531}</UniqueIdentifier>
    </Filter>
    <Filter Include="Header Files\Renderer\Vulkan\AssetViews">
      <UniqueIdentifier>{650b95d4-4865-4a01-a4c1-1615b3b56a51}</UniqueIdentifier>
    </Filter>
    <Filter Include="Header Files\Scripting\Angelscript\AssetViews">
      <UniqueIdentifier>{ec009fb3-a0c6-4ffc-8987-e935e6ec1f5c}</UniqueIdentifier>
    </Filter>
    <Filter Include="Source Files\Scripting\Angelscript\AssetViews">
      <UniqueIdentifier>{58995fe4-0c98-488d-a2f7-1b80852799ea}</UniqueIdentifier>
    </Filter>
    <Filter Include="Header Files\Animation\AssetViews">
      <UniqueIdentifier>{7c507975-ff62-471b-91db-81c7e2bb96d1}</UniqueIdentifier>
    </Filter>
    <Filter Include="Source Files\Animation\AssetViews">
      <UniqueIdentifier>{558093a9-6d2e-4f4e-b401-c4fee6efbf75}</UniqueIdentifier>
    </Filter>
    <Filter Include="Header Files\Animation\ScriptComponents">
      <UniqueIdentifier>{9c45b56b-84f4-474c-99aa-c48294e91619}</UniqueIdentifier>
    </Filter>
    <Filter Include="Source Files\Animation\ScriptComponents">
      <UniqueIdentifier>{28a92857-a349-4365-91d5-cfac27f3dea0}</UniqueIdentifier>
    </Filter>
    <Filter Include="Header Files\Platform">
      <UniqueIdentifier>{54388a69-5299-403e-881f-c9f1f8ab234e}</UniqueIdentifier>
    </Filter>
    <Filter Include="Source Files\Platform">
      <UniqueIdentifier>{0ec6475d-bff7-4e25-aad0-af0c73ebe66c}</UniqueIdentifier>
    </Filter>
    <Filter Include="Source Files\Physics\PhysX\ScriptMessages">
      <UniqueIdentifier>{af880a1e-5f10-420c-94b1-13bd92695ff9}</UniqueIdentifier>
    </Filter>
    <Filter Include="Header Files\Physics\PhysX\ScriptMessages">
      <UniqueIdentifier>{b9ac9698-b776-4b55-a29e-f348fdbbaf63}</UniqueIdentifier>
    </Filter>
    <Filter Include="Header Files\UserInterface\Nuklear\AssetViews">
      <UniqueIdentifier>{d5c2eb1c-e57c-40d4-babb-afc3b40853bc}</UniqueIdentifier>
    </Filter>
    <Filter Include="Source Files\UserInterface\Nuklear\AssetViews">
      <UniqueIdentifier>{442c3a98-7d27-4edd-a212-7ae315ff6d78}</UniqueIdentifier>
    </Filter>
    <Filter Include="Source Files\UserInterface\Nuklear\ScriptComponents">
      <UniqueIdentifier>{6bdca215-a9a5-4f6d-99b3-92adf27f2a2a}</UniqueIdentifier>
    </Filter>
    <Filter Include="Header Files\UserInterface\Nuklear\ScriptComponents">
      <UniqueIdentifier>{3bfdfa18-f8da-4aad-a3f4-95eebf1012f8}</UniqueIdentifier>
    </Filter>
    <Filter Include="Header Files\Input\Win32\ScriptComponents">
      <UniqueIdentifier>{7e946978-e6e5-4f12-ae00-13213eaed880}</UniqueIdentifier>
    </Filter>
    <Filter Include="Source Files\Input\Win32\ScriptComponents">
      <UniqueIdentifier>{559294b8-3af5-447b-8804-4d203995d11c}</UniqueIdentifier>
    </Filter>
    <Filter Include="Header Files\Utility\Mpl">
      <UniqueIdentifier>{15957b9e-cb4c-42e5-9e30-43988752a3c1}</UniqueIdentifier>
    </Filter>
    <Filter Include="Header Files\Utility\Mpl\Compiler">
      <UniqueIdentifier>{e039cc69-473a-459c-b2c1-a9445a4e69ca}</UniqueIdentifier>
    </Filter>
    <Filter Include="Header Files\Utility\Mpl\Platform">
      <UniqueIdentifier>{d9bc980d-1cef-4a71-ab92-a03e89d4afb7}</UniqueIdentifier>
    </Filter>
    <Filter Include="Header Files\Logging">
      <UniqueIdentifier>{395c8d98-b717-4da0-b48a-71de37e9cf1a}</UniqueIdentifier>
    </Filter>
    <Filter Include="Source Files\Logging">
      <UniqueIdentifier>{bd113dc4-9a47-4635-86b8-f78303c2944a}</UniqueIdentifier>
    </Filter>
    <Filter Include="Source Files\Utility\Mpl">
      <UniqueIdentifier>{62ee796c-ea64-45e3-a8e7-a8398ea0f473}</UniqueIdentifier>
    </Filter>
    <Filter Include="FlatBuffer Schema Defintions">
      <UniqueIdentifier>{abc7007a-dce7-4dec-82fc-e5f832c26bdf}</UniqueIdentifier>
    </Filter>
    <Filter Include="Header Files\Assets">
      <UniqueIdentifier>{aba325c3-d964-4820-919f-1aaf7107df25}</UniqueIdentifier>
    </Filter>
    <Filter Include="Source Files\Assets">
      <UniqueIdentifier>{89172c13-ecd3-4cb9-80b5-7ecdb6ad0d19}</UniqueIdentifier>
    </Filter>
    <Filter Include="Header Files\Audio">
      <UniqueIdentifier>{fe22664c-1e32-4461-8c65-0cc35d6b0e45}</UniqueIdentifier>
    </Filter>
    <Filter Include="Source Files\Audio">
      <UniqueIdentifier>{977ade29-35e8-49e1-8db7-5700ff252b93}</UniqueIdentifier>
    </Filter>
    <Filter Include="Header Files\Audio\XAudio2">
      <UniqueIdentifier>{6c1fec45-7048-4692-8705-1f47f6e1bf4a}</UniqueIdentifier>
    </Filter>
    <Filter Include="Source Files\Audio\XAudio2">
      <UniqueIdentifier>{b1ba40e4-ee5a-4bb6-9c76-9f6da4eb7ae4}</UniqueIdentifier>
    </Filter>
    <Filter Include="Source Files\Scheduling">
      <UniqueIdentifier>{9087f46b-40aa-4974-953a-72efcb8652ac}</UniqueIdentifier>
    </Filter>
    <Filter Include="Header Files\Scheduling">
      <UniqueIdentifier>{f9d0a458-ec3c-461a-97fe-ebf4283d8799}</UniqueIdentifier>
    </Filter>
    <Filter Include="Header Files\Scheduling\Win32">
      <UniqueIdentifier>{29192b28-8027-43c6-a0c9-15c9818c883b}</UniqueIdentifier>
    </Filter>
    <Filter Include="Source Files\Scheduling\Win32">
      <UniqueIdentifier>{2dd43dad-2ad8-48ed-a8c4-6b92d89df6be}</UniqueIdentifier>
    </Filter>
    <Filter Include="Source Files\Core">
      <UniqueIdentifier>{7d7626b4-7058-4838-ae74-72c943989843}</UniqueIdentifier>
    </Filter>
    <Filter Include="Header Files\Core">
      <UniqueIdentifier>{e5e9dea9-21e4-4515-ad1f-2017a9c608db}</UniqueIdentifier>
    </Filter>
  </ItemGroup>
  <ItemGroup>
    <ClCompile Include="..\src\Configuration\ConfigurationDatabase.cpp">
      <Filter>Source Files\Configuration</Filter>
    </ClCompile>
    <ClCompile Include="..\src\renderer\Camera.cpp">
      <Filter>Source Files\Renderer</Filter>
    </ClCompile>
    <ClCompile Include="..\src\Utility\Assert.cpp">
      <Filter>Source Files\Utility</Filter>
    </ClCompile>
    <ClCompile Include="..\src\Utility\ErrorCode.cpp">
      <Filter>Source Files\Utility</Filter>
    </ClCompile>
    <ClCompile Include="..\src\Utility\Win32ApplicationHelpers.cpp">
      <Filter>Source Files\Utility</Filter>
    </ClCompile>
    <ClCompile Include="..\src\Utility\Containers\ResizableArray.cpp">
      <Filter>Source Files\Utility\Containers</Filter>
    </ClCompile>
    <ClCompile Include="..\src\Utility\Math\FrustumUtils.cpp">
      <Filter>Source Files\Utility\Math</Filter>
    </ClCompile>
    <ClCompile Include="..\src\Input\Keyboard.cpp">
      <Filter>Source Files\Input</Filter>
    </ClCompile>
    <ClCompile Include="..\src\Input\Mouse.cpp">
      <Filter>Source Files\Input</Filter>
    </ClCompile>
    <ClCompile Include="..\src\Input\PlaystationController.cpp">
      <Filter>Source Files\Input</Filter>
    </ClCompile>
    <ClCompile Include="..\src\Utility\IntrusivePointerBase.cpp">
      <Filter>Source Files\Utility</Filter>
    </ClCompile>
    <ClCompile Include="..\src\Utility\memory\InstanceNew.cpp">
      <Filter>Source Files\Utility\Memory</Filter>
    </ClCompile>
    <ClCompile Include="..\src\Utility\Memory\StandardLibrary.cpp">
      <Filter>Source Files\Utility\Memory</Filter>
    </ClCompile>
    <ClCompile Include="..\src\Renderer\Direct3D\FormatHelpers.cpp">
      <Filter>Source Files\Renderer\Direct3D</Filter>
    </ClCompile>
    <ClCompile Include="..\src\Scripting\Angelscript\BytecodeMetadata.cpp">
      <Filter>Source Files\Scripting\Angelscript</Filter>
    </ClCompile>
    <ClCompile Include="..\src\Scripting\Angelscript\NativeBindings.cpp">
      <Filter>Source Files\Scripting\Angelscript\Script Utilities</Filter>
    </ClCompile>
    <ClCompile Include="..\src\Scripting\Angelscript\EngineService.cpp">
      <Filter>Source Files\Scripting\Angelscript</Filter>
    </ClCompile>
    <ClCompile Include="..\src\configuration\EngineService.cpp">
      <Filter>Source Files\Configuration</Filter>
    </ClCompile>
    <ClCompile Include="..\src\Networking\Steamworks\EngineService.cpp">
      <Filter>Source Files\Networking\Steamworks</Filter>
    </ClCompile>
    <ClCompile Include="..\src\Networking\Steamworks\EngineService.Player.cpp">
      <Filter>Source Files\Networking\Steamworks</Filter>
    </ClCompile>
    <ClCompile Include="..\src\Input\XInput\EngineService.Controller.cpp">
      <Filter>Source Files\Input\XInput</Filter>
    </ClCompile>
    <ClCompile Include="..\src\Input\XInput\EngineService.cpp">
      <Filter>Source Files\Input\XInput</Filter>
    </ClCompile>
    <ClCompile Include="..\src\Input\Win32\EngineService.cpp">
      <Filter>Source Files\Input\Win32</Filter>
    </ClCompile>
    <ClCompile Include="..\src\Input\Win32\EngineService.RawInputPollingThread.cpp">
      <Filter>Source Files\Input\Win32</Filter>
    </ClCompile>
    <ClCompile Include="..\src\Utility\memory\Allocator.cpp">
      <Filter>Source Files\Utility\Memory</Filter>
    </ClCompile>
    <ClCompile Include="..\src\Utility\memory\ArenaAllocator.cpp">
      <Filter>Source Files\Utility\Memory</Filter>
    </ClCompile>
    <ClCompile Include="..\src\Utility\Memory\ChildAllocator.cpp">
      <Filter>Source Files\Utility\Memory</Filter>
    </ClCompile>
    <ClCompile Include="..\src\Utility\Memory\NullAllocator.cpp">
      <Filter>Source Files\Utility\Memory</Filter>
    </ClCompile>
    <ClCompile Include="..\src\Utility\memory\Win32HeapAllocator.cpp">
      <Filter>Source Files\Utility\Memory</Filter>
    </ClCompile>
    <ClCompile Include="..\src\Eldritch2.Win32.cpp">
      <Filter>Source Files</Filter>
    </ClCompile>
    <ClCompile Include="..\src\Build.cpp">
      <Filter>Source Files</Filter>
    </ClCompile>
    <ClCompile Include="..\src\Utility\Containers\String.cpp">
      <Filter>Source Files\Utility\Containers</Filter>
    </ClCompile>
    <ClCompile Include="..\src\Utility\Memory\ObjectPoolAllocator.cpp">
      <Filter>Source Files\Utility\Memory</Filter>
    </ClCompile>
    <ClCompile Include="..\src\Utility\Containers\SpatialHash.cpp">
      <Filter>Source Files\Utility\Containers</Filter>
    </ClCompile>
    <ClCompile Include="..\src\scripting\Angelscript\SmartPointers.cpp">
      <Filter>Source Files\Scripting\Angelscript</Filter>
    </ClCompile>
    <ClCompile Include="..\src\Utility\CPPFormatDefinitions.cpp">
      <Filter>Source Files\Utility</Filter>
    </ClCompile>
    <ClCompile Include="..\src\Physics\PhysX\EngineService.cpp">
      <Filter>Source Files\Physics\PhysX</Filter>
    </ClCompile>
    <ClCompile Include="..\src\Animation\BipedalLocomotionAnimationLayer.cpp">
      <Filter>Source Files\Animation</Filter>
    </ClCompile>
    <ClCompile Include="..\src\Animation\AnimationTypes.cpp">
      <Filter>Source Files\Animation</Filter>
    </ClCompile>
    <ClCompile Include="..\src\Animation\KeyframeAnimationLayer.cpp">
      <Filter>Source Files\Animation</Filter>
    </ClCompile>
    <ClCompile Include="..\src\Renderer\Vulkan\EngineService.cpp">
      <Filter>Source Files\Renderer\Vulkan</Filter>
    </ClCompile>
    <ClCompile Include="..\src\Renderer\Vulkan\SmartPointers.cpp">
      <Filter>Source Files\Renderer\Vulkan</Filter>
    </ClCompile>
    <ClCompile Include="..\src\Renderer\Vulkan\HostAllocator.cpp">
      <Filter>Source Files\Renderer\Vulkan</Filter>
    </ClCompile>
    <ClCompile Include="..\src\Utility\SurjectiveQueryDatabase.cpp">
      <Filter>Source Files\Utility</Filter>
    </ClCompile>
    <ClCompile Include="..\src\Scripting\AngelScript\ApiExport.cpp">
      <Filter>Source Files\Scripting\Angelscript</Filter>
    </ClCompile>
    <ClCompile Include="..\src\Animation\KeyCache.cpp">
      <Filter>Source Files\Animation</Filter>
    </ClCompile>
    <ClCompile Include="..\src\Utility\TypeHandle.cpp">
      <Filter>Source Files\Utility</Filter>
    </ClCompile>
    <ClCompile Include="..\src\Renderer\Vulkan\SpecializationConstantManager.cpp">
      <Filter>Source Files\Renderer\Vulkan</Filter>
    </ClCompile>
    <ClCompile Include="..\src\Renderer\Vulkan\SparseImage.HardwareSparseImagePageManager.cpp">
      <Filter>Source Files\Renderer\Vulkan</Filter>
    </ClCompile>
    <ClCompile Include="..\src\Renderer\Vulkan\SparseImage.cpp">
      <Filter>Source Files\Renderer\Vulkan</Filter>
    </ClCompile>
    <ClCompile Include="..\src\Renderer\Vulkan\ObjectBuilders.cpp">
      <Filter>Source Files\Renderer\Vulkan</Filter>
    </ClCompile>
    <ClCompile Include="..\src\Renderer\Vulkan\ObjectBuilders.SurfaceBuilder.cpp">
      <Filter>Source Files\Renderer\Vulkan</Filter>
    </ClCompile>
    <ClCompile Include="..\src\Renderer\Vulkan\ObjectBuilders.SurfaceBuilder.Win32.cpp">
      <Filter>Source Files\Renderer\Vulkan</Filter>
    </ClCompile>
    <ClCompile Include="..\src\Renderer\Vulkan\ObjectBuilders.SwapChainBuilder.cpp">
      <Filter>Source Files\Renderer\Vulkan</Filter>
    </ClCompile>
    <ClCompile Include="..\src\Renderer\Vulkan\ObjectBuilders.ImageViewBuilder.cpp">
      <Filter>Source Files\Renderer\Vulkan</Filter>
    </ClCompile>
    <ClCompile Include="..\src\UserInterface\Nuklear\Context.cpp">
      <Filter>Source Files\UserInterface\Nuklear</Filter>
    </ClCompile>
    <ClCompile Include="..\src\Physics\PhysX\AssetViews\ArmatureView.cpp">
      <Filter>Source Files\Physics\PhysX\AssetViews</Filter>
    </ClCompile>
    <ClCompile Include="..\src\Physics\PhysX\AssetViews\TerrainView.cpp">
      <Filter>Source Files\Physics\PhysX\AssetViews</Filter>
    </ClCompile>
    <ClCompile Include="..\src\Physics\PhysX\AssetViews\SkeletalColliderView.cpp">
      <Filter>Source Files\Physics\PhysX\AssetViews</Filter>
    </ClCompile>
    <ClCompile Include="..\src\Renderer\Vulkan\AssetViews\ImageView.cpp">
      <Filter>Source Files\Renderer\Vulkan\AssetViews</Filter>
    </ClCompile>
    <ClCompile Include="..\src\Renderer\Vulkan\AssetViews\MeshView.cpp">
      <Filter>Source Files\Renderer\Vulkan\AssetViews</Filter>
    </ClCompile>
    <ClCompile Include="..\src\Renderer\ImageHeader.cpp">
      <Filter>Source Files\Renderer</Filter>
    </ClCompile>
    <ClCompile Include="..\src\Scripting\AngelScript\AssetViews\BytecodePackageView.cpp">
      <Filter>Source Files\Scripting\Angelscript\AssetViews</Filter>
    </ClCompile>
    <ClCompile Include="..\src\Scripting\AngelScript\AssetViews\ObjectGraphView.cpp">
      <Filter>Source Files\Scripting\Angelscript\AssetViews</Filter>
    </ClCompile>
    <ClCompile Include="..\src\Animation\AssetViews\KeyframeAnimationView.cpp">
      <Filter>Source Files\Animation\AssetViews</Filter>
    </ClCompile>
    <ClCompile Include="..\src\Animation\ScriptComponents\Armature.cpp">
      <Filter>Source Files\Animation\ScriptComponents</Filter>
    </ClCompile>
    <ClCompile Include="..\src\Scripting\Angelscript\ApiRegistrar.cpp">
      <Filter>Source Files\Scripting\Angelscript</Filter>
    </ClCompile>
    <ClCompile Include="..\src\Physics\PhysX\ScriptComponents\MeshCollider.cpp">
      <Filter>Source Files\Physics\PhysX\ScriptComponents</Filter>
    </ClCompile>
    <ClCompile Include="..\src\Physics\PhysX\ScriptComponents\TerrainCollider.cpp">
      <Filter>Source Files\Physics\PhysX\ScriptComponents</Filter>
    </ClCompile>
    <ClCompile Include="..\src\Physics\PhysX\ScriptComponents\TriggerVolume.cpp">
      <Filter>Source Files\Physics\PhysX\ScriptComponents</Filter>
    </ClCompile>
    <ClCompile Include="..\src\Renderer\Vulkan\ScriptComponents\SceneCamera.cpp">
      <Filter>Source Files\Renderer\Vulkan\ScriptComponents</Filter>
    </ClCompile>
    <ClCompile Include="..\src\Configuration\ConfigurationRegistrar.cpp">
      <Filter>Source Files\Configuration</Filter>
    </ClCompile>
    <ClCompile Include="..\src\Physics\PhysX\ScriptMessages\CollisionMessage.cpp">
      <Filter>Source Files\Physics\PhysX\ScriptMessages</Filter>
    </ClCompile>
    <ClCompile Include="..\src\Renderer\Vulkan\ScriptComponents\PlatformWindowSwapChain.cpp">
      <Filter>Source Files\Renderer\Vulkan\ScriptComponents</Filter>
    </ClCompile>
    <ClCompile Include="..\src\Utility\containers\IntrusiveMPSCQueue.cpp">
      <Filter>Source Files\Utility\Containers</Filter>
    </ClCompile>
    <ClCompile Include="..\src\Networking\Steamworks\SteamTypeHelpers.cpp">
      <Filter>Source Files\Networking\Steamworks</Filter>
    </ClCompile>
    <ClCompile Include="..\src\UserInterface\Nuklear\AssetViews\UserInterfaceView.cpp">
      <Filter>Source Files\UserInterface\Nuklear\AssetViews</Filter>
    </ClCompile>
    <ClCompile Include="..\src\Input\Win32\ScriptComponents\Keyboard.cpp">
      <Filter>Source Files\Input\Win32\ScriptComponents</Filter>
    </ClCompile>
    <ClCompile Include="..\src\Input\Win32\ScriptComponents\Mouse.cpp">
      <Filter>Source Files\Input\Win32\ScriptComponents</Filter>
    </ClCompile>
    <ClCompile Include="..\src\Networking\Steamworks\WorldService.cpp">
      <Filter>Source Files\Networking\Steamworks</Filter>
    </ClCompile>
    <ClCompile Include="..\src\Physics\PhysX\WorldService.cpp">
      <Filter>Source Files\Physics\PhysX</Filter>
    </ClCompile>
    <ClCompile Include="..\src\Renderer\Vulkan\WorldService.cpp">
      <Filter>Source Files\Renderer\Vulkan</Filter>
    </ClCompile>
    <ClCompile Include="..\src\scripting\Angelscript\WorldService.cpp">
      <Filter>Source Files\Scripting\Angelscript</Filter>
    </ClCompile>
    <ClCompile Include="..\src\Utility\Memory\EaStlAllocatorAdapterMixin.cpp">
      <Filter>Source Files\Utility\Memory</Filter>
    </ClCompile>
    <ClCompile Include="..\src\Utility\Containers\EaStlDefinitions.cpp">
      <Filter>Source Files\Utility\Containers</Filter>
    </ClCompile>
    <ClCompile Include="..\src\Platform\UserReadWriteMutex.cpp">
      <Filter>Source Files\Platform</Filter>
    </ClCompile>
    <ClCompile Include="..\src\Renderer\Vulkan\AssetViews\MeshView.Submesh.cpp">
      <Filter>Source Files\Renderer\Vulkan\AssetViews</Filter>
    </ClCompile>
    <ClCompile Include="..\src\Platform\PlatformInterface.Win32.cpp">
      <Filter>Source Files\Platform</Filter>
    </ClCompile>
    <ClCompile Include="..\src\Platform\PlatformWindow.Win32.cpp">
      <Filter>Source Files\Platform</Filter>
    </ClCompile>
    <ClCompile Include="..\src\Platform\MemoryMappedFile.cpp">
      <Filter>Source Files\Platform</Filter>
    </ClCompile>
    <ClCompile Include="..\src\Platform\MemoryMappedFile.Win32.cpp">
      <Filter>Source Files\Platform</Filter>
    </ClCompile>
    <ClCompile Include="..\src\Platform\UserSemaphore.Win32.cpp">
      <Filter>Source Files\Platform</Filter>
    </ClCompile>
    <ClCompile Include="..\src\Platform\UserReadWriteMutex.Win32.cpp">
      <Filter>Source Files\Platform</Filter>
    </ClCompile>
    <ClCompile Include="..\src\Platform\UserWaitableEvent.Win32.cpp">
      <Filter>Source Files\Platform</Filter>
    </ClCompile>
    <ClCompile Include="..\src\Platform\SynchronousFileReader.Win32.cpp">
      <Filter>Source Files\Platform</Filter>
    </ClCompile>
    <ClCompile Include="..\src\Platform\SynchronousFileAppender.Win32.cpp">
      <Filter>Source Files\Platform</Filter>
    </ClCompile>
    <ClCompile Include="..\src\logging\ChildLog.cpp">
      <Filter>Source Files\Logging</Filter>
    </ClCompile>
    <ClCompile Include="..\src\Logging\FileAppenderLog.cpp">
      <Filter>Source Files\Logging</Filter>
    </ClCompile>
    <ClCompile Include="..\src\Renderer\Vulkan\DeviceMemoryPool.cpp">
      <Filter>Source Files\Renderer\Vulkan</Filter>
    </ClCompile>
    <ClCompile Include="..\src\Platform\SynchronousFileWriter.Win32.cpp">
      <Filter>Source Files\Platform</Filter>
    </ClCompile>
    <ClCompile Include="..\src\Physics\PhysX\ScriptComponents\SkeletalArmature.cpp">
      <Filter>Source Files\Physics\PhysX\ScriptComponents</Filter>
    </ClCompile>
    <ClCompile Include="..\src\Scripting\Angelscript\VirtualMachineContext.cpp">
      <Filter>Source Files\Scripting\Angelscript</Filter>
    </ClCompile>
    <ClCompile Include="..\src\Renderer\Vulkan\AssetViews\RenderPipelineView.cpp">
      <Filter>Source Files\Renderer\Vulkan\AssetViews</Filter>
    </ClCompile>
    <ClCompile Include="..\src\Renderer\Vulkan\AssetViews\SpirVShaderPipelineView.cpp">
      <Filter>Source Files\Renderer\Vulkan\AssetViews</Filter>
    </ClCompile>
    <ClCompile Include="..\src\Platform\ContentProvider.Win32.cpp">
      <Filter>Source Files\Platform</Filter>
    </ClCompile>
    <ClCompile Include="..\src\Platform\ContentProvider.cpp">
      <Filter>Source Files\Platform</Filter>
    </ClCompile>
    <ClCompile Include="..\src\Scripting\Angelscript\DeclarationFormatter.cpp">
      <Filter>Source Files\Scripting\Angelscript</Filter>
    </ClCompile>
    <ClCompile Include="..\src\Animation\ScriptComponents\Armature.ScriptApi.cpp">
      <Filter>Source Files\Animation\ScriptComponents</Filter>
    </ClCompile>
    <ClCompile Include="..\src\Physics\PhysX\ScriptComponents\MeshCollider.ScriptApi.cpp">
      <Filter>Source Files\Physics\PhysX\ScriptComponents</Filter>
    </ClCompile>
    <ClCompile Include="..\src\Utility\MPL\MatrixTypes.cpp">
      <Filter>Source Files\Utility\Mpl</Filter>
    </ClCompile>
    <ClCompile Include="..\src\Physics\PhysX\ScriptComponents\SkeletalArmature.ScriptApi.cpp">
      <Filter>Source Files\Physics\PhysX\ScriptComponents</Filter>
    </ClCompile>
    <ClCompile Include="..\src\Physics\PhysX\ScriptComponents\TerrainCollider.ScriptApi.cpp">
      <Filter>Source Files\Physics\PhysX\ScriptComponents</Filter>
    </ClCompile>
    <ClCompile Include="..\src\Physics\PhysX\ScriptComponents\TriggerVolume.ScriptApi.cpp">
      <Filter>Source Files\Physics\PhysX\ScriptComponents</Filter>
    </ClCompile>
    <ClCompile Include="..\src\Physics\PhysX\ScriptMessages\CollisionMessage.ScriptApi.cpp">
      <Filter>Source Files\Physics\PhysX\ScriptMessages</Filter>
    </ClCompile>
    <ClCompile Include="..\src\Renderer\Vulkan\ScriptComponents\SceneCamera.ScriptApi.cpp">
      <Filter>Source Files\Renderer\Vulkan\ScriptComponents</Filter>
    </ClCompile>
    <ClCompile Include="..\src\Scripting\AngelScript\DeclarationFormatter.Msvc.cpp">
      <Filter>Source Files\Scripting\Angelscript</Filter>
    </ClCompile>
    <ClCompile Include="..\src\Renderer\Vulkan\SparseImageManager.cpp">
      <Filter>Source Files\Renderer\Vulkan</Filter>
    </ClCompile>
    <ClCompile Include="..\src\Renderer\Vulkan\ScriptComponents\PlatformWindowSwapChain.ScriptApi.cpp">
      <Filter>Source Files\Renderer\Vulkan\ScriptComponents</Filter>
    </ClCompile>
    <ClCompile Include="..\src\Renderer\Vulkan\Device.cpp">
      <Filter>Source Files\Renderer\Vulkan</Filter>
    </ClCompile>
    <ClCompile Include="..\src\Renderer\Vulkan\SwapChain.cpp">
      <Filter>Source Files\Renderer\Vulkan</Filter>
    </ClCompile>
    <ClCompile Include="..\src\Physics\PhysX\ScriptComponents\CharacterCollider.cpp">
      <Filter>Source Files\Physics\PhysX\ScriptComponents</Filter>
    </ClCompile>
    <ClCompile Include="..\src\Physics\PhysX\ScriptComponents\CharacterCollider.ScriptApi.cpp">
      <Filter>Source Files\Physics\PhysX\ScriptComponents</Filter>
    </ClCompile>
    <ClCompile Include="..\src\Renderer\Vulkan\ScriptComponents\RenderMesh.cpp">
      <Filter>Source Files\Renderer\Vulkan\ScriptComponents</Filter>
    </ClCompile>
    <ClCompile Include="..\src\Renderer\Vulkan\ScriptComponents\RenderMesh.ScriptApi.cpp">
      <Filter>Source Files\Renderer\Vulkan\ScriptComponents</Filter>
    </ClCompile>
    <ClCompile Include="..\src\Renderer\Vulkan\ScriptComponents\SphereLight.cpp">
      <Filter>Source Files\Renderer\Vulkan\ScriptComponents</Filter>
    </ClCompile>
    <ClCompile Include="..\src\Renderer\Vulkan\ScriptComponents\SphereLight.ScriptApi.cpp">
      <Filter>Source Files\Renderer\Vulkan\ScriptComponents</Filter>
    </ClCompile>
    <ClCompile Include="..\src\UserInterface\Nuklear\ScriptComponents\UserInterface.cpp">
      <Filter>Source Files\UserInterface\Nuklear\ScriptComponents</Filter>
    </ClCompile>
    <ClCompile Include="..\src\Renderer\Vulkan\UiRenderer.cpp">
      <Filter>Source Files\Renderer\Vulkan</Filter>
    </ClCompile>
    <ClCompile Include="..\src\Renderer\Vulkan\DeviceProperties.cpp">
      <Filter>Source Files\Renderer\Vulkan</Filter>
    </ClCompile>
    <ClCompile Include="..\src\Renderer\Vulkan\DeviceEnumerator.cpp">
      <Filter>Source Files\Renderer\Vulkan</Filter>
    </ClCompile>
    <ClCompile Include="..\src\Renderer\Vulkan\SceneRenderer.cpp">
      <Filter>Source Files\Renderer\Vulkan</Filter>
    </ClCompile>
    <ClCompile Include="..\src\Assets\AssetLibrary.cpp">
      <Filter>Source Files\Assets</Filter>
    </ClCompile>
    <ClCompile Include="..\src\Assets\AssetPackage.cpp">
      <Filter>Source Files\Assets</Filter>
    </ClCompile>
    <ClCompile Include="..\src\Assets\AssetPackageLoaderThread.cpp">
      <Filter>Source Files\Assets</Filter>
    </ClCompile>
    <ClCompile Include="..\src\Assets\AssetViewFactoryRegistrar.cpp">
      <Filter>Source Files\Assets</Filter>
    </ClCompile>
    <ClCompile Include="..\src\Assets\LiveSet.cpp">
      <Filter>Source Files\Assets</Filter>
    </ClCompile>
    <ClCompile Include="..\src\Audio\XAudio2\EngineService.cpp">
      <Filter>Source Files\Audio\XAudio2</Filter>
    </ClCompile>
    <ClCompile Include="..\src\Scheduling\JobFiber.cpp">
      <Filter>Source Files\Scheduling</Filter>
    </ClCompile>
    <ClCompile Include="..\src\Scheduling\MicroprofileImplementation.cpp">
      <Filter>Source Files\Scheduling</Filter>
    </ClCompile>
    <ClCompile Include="..\src\Scheduling\Thread.cpp">
      <Filter>Source Files\Scheduling</Filter>
    </ClCompile>
    <ClCompile Include="..\src\Scheduling\ThreadScheduler.cpp">
      <Filter>Source Files\Scheduling</Filter>
    </ClCompile>
    <ClCompile Include="..\src\Scheduling\Win32\FiberScheduler.cpp">
      <Filter>Source Files\Scheduling\Win32</Filter>
    </ClCompile>
    <ClCompile Include="..\src\Scheduling\Win32\FiberScheduler.WorkerThread.cpp">
      <Filter>Source Files\Scheduling\Win32</Filter>
    </ClCompile>
    <ClCompile Include="..\src\Core\Player.cpp">
      <Filter>Source Files\Core</Filter>
    </ClCompile>
    <ClCompile Include="..\src\Core\ServiceBlackboard.cpp">
      <Filter>Source Files\Core</Filter>
    </ClCompile>
    <ClCompile Include="..\src\Core\World.cpp">
      <Filter>Source Files\Core</Filter>
    </ClCompile>
    <ClCompile Include="..\src\Core\WorldService.cpp">
      <Filter>Source Files\Core</Filter>
    </ClCompile>
    <ClCompile Include="..\src\Core\WorldService.FixedTickVisitor.cpp">
      <Filter>Source Files\Core</Filter>
    </ClCompile>
    <ClCompile Include="..\src\Core\WorldService.VariableTickVisitor.cpp">
      <Filter>Source Files\Core</Filter>
    </ClCompile>
    <ClCompile Include="..\src\Core\Engine.cpp">
      <Filter>Source Files\Core</Filter>
    </ClCompile>
    <ClCompile Include="..\src\Core\EngineService.cpp">
      <Filter>Source Files\Core</Filter>
    </ClCompile>
    <ClCompile Include="..\src\Core\Engine.ManagementService.cpp">
      <Filter>Source Files\Core</Filter>
    </ClCompile>
    <ClCompile Include="..\src\Audio\XAudio2\WorldService.cpp">
      <Filter>Source Files\Audio\XAudio2</Filter>
    </ClCompile>
  </ItemGroup>
  <ItemGroup>
    <ClInclude Include="..\src\Utility\Algorithms.hpp">
      <Filter>Header Files\Utility</Filter>
    </ClInclude>
    <ClInclude Include="..\src\Utility\Assert.hpp">
      <Filter>Header Files\Utility</Filter>
    </ClInclude>
    <ClInclude Include="..\src\Utility\COMPointer.hpp">
      <Filter>Header Files\Utility</Filter>
    </ClInclude>
    <ClInclude Include="..\src\Utility\ErrorCode.hpp">
      <Filter>Header Files\Utility</Filter>
    </ClInclude>
    <ClInclude Include="..\src\Utility\IdentifierPool.hpp">
      <Filter>Header Files\Utility</Filter>
    </ClInclude>
    <ClInclude Include="..\src\Utility\Win32ApplicationHelpers.hpp">
      <Filter>Header Files\Utility</Filter>
    </ClInclude>
    <ClInclude Include="..\src\Utility\memory\Prefetch.hpp">
      <Filter>Header Files\Utility\Memory</Filter>
    </ClInclude>
    <ClInclude Include="..\src\Utility\mpl\Alignof.hpp">
      <Filter>Header Files\Utility\Mpl</Filter>
    </ClInclude>
    <ClInclude Include="..\src\Utility\mpl\AngleTypes.hpp">
      <Filter>Header Files\Utility\Mpl</Filter>
    </ClInclude>
    <ClInclude Include="..\src\Utility\mpl\FloatTypes.hpp">
      <Filter>Header Files\Utility\Mpl</Filter>
    </ClInclude>
    <ClInclude Include="..\src\Utility\mpl\IntTypes.hpp">
      <Filter>Header Files\Utility\Mpl</Filter>
    </ClInclude>
    <ClInclude Include="..\src\Utility\mpl\MatrixTypes.hpp">
      <Filter>Header Files\Utility\Mpl</Filter>
    </ClInclude>
    <ClInclude Include="..\src\Utility\mpl\VectorTypes.hpp">
      <Filter>Header Files\Utility\Mpl</Filter>
    </ClInclude>
    <ClInclude Include="..\src\Utility\mpl\Compiler.hpp">
      <Filter>Header Files\Utility\Mpl\Compiler</Filter>
    </ClInclude>
    <ClInclude Include="..\src\Utility\mpl\Platform.hpp">
      <Filter>Header Files\Utility\Mpl\Platform</Filter>
    </ClInclude>
    <ClInclude Include="..\src\Utility\mpl\Platform.Linux.hpp">
      <Filter>Header Files\Utility\Mpl\Platform</Filter>
    </ClInclude>
    <ClInclude Include="..\src\Utility\mpl\Platform.MacOS.hpp">
      <Filter>Header Files\Utility\Mpl\Platform</Filter>
    </ClInclude>
    <ClInclude Include="..\src\Utility\mpl\Platform.Win.hpp">
      <Filter>Header Files\Utility\Mpl\Platform</Filter>
    </ClInclude>
    <ClInclude Include="..\src\Utility\Containers\Range.hpp">
      <Filter>Header Files\Utility\Containers</Filter>
    </ClInclude>
    <ClInclude Include="..\src\Utility\Containers\ResizableArray.hpp">
      <Filter>Header Files\Utility\Containers</Filter>
    </ClInclude>
    <ClInclude Include="..\src\Utility\math\FrustumUtils.hpp">
      <Filter>Header Files\Utility\Math</Filter>
    </ClInclude>
    <ClInclude Include="..\src\renderer\Camera.hpp">
      <Filter>Header Files\Renderer</Filter>
    </ClInclude>
    <ClInclude Include="..\src\Renderer\GPUFormats.hpp">
      <Filter>Header Files\Renderer</Filter>
    </ClInclude>
    <ClInclude Include="..\src\configuration\ConfigurationDatabase.hpp">
      <Filter>Header Files\Configuration</Filter>
    </ClInclude>
    <ClInclude Include="..\src\Animation\AnimationTypes.hpp">
      <Filter>Header Files\Animation</Filter>
    </ClInclude>
    <ClInclude Include="..\resources\Eldritch2.Resources.h">
      <Filter>Resource Files</Filter>
    </ClInclude>
    <ClInclude Include="..\src\Input\Keyboard.hpp">
      <Filter>Header Files\Input</Filter>
    </ClInclude>
    <ClInclude Include="..\src\Input\Mouse.hpp">
      <Filter>Header Files\Input</Filter>
    </ClInclude>
    <ClInclude Include="..\src\Input\PlaystationController.hpp">
      <Filter>Header Files\Input</Filter>
    </ClInclude>
    <ClInclude Include="..\src\Utility\IntrusivePointerBase.hpp">
      <Filter>Header Files\Utility</Filter>
    </ClInclude>
    <ClInclude Include="..\src\Utility\memory\InstanceNew.hpp">
      <Filter>Header Files\Utility\Memory</Filter>
    </ClInclude>
    <ClInclude Include="..\src\Utility\math\StandardLibrary.hpp">
      <Filter>Header Files\Utility\Math</Filter>
    </ClInclude>
    <ClInclude Include="..\src\Utility\Memory\StandardLibrary.hpp">
      <Filter>Header Files\Utility\Memory</Filter>
    </ClInclude>
    <ClInclude Include="..\src\Renderer\Direct3D\FormatHelpers.hpp">
      <Filter>Header Files\Renderer\Direct3D</Filter>
    </ClInclude>
    <ClInclude Include="..\src\Scripting\Angelscript\EngineService.hpp">
      <Filter>Header Files\Scripting\Angelscript</Filter>
    </ClInclude>
    <ClInclude Include="..\src\Scripting\Angelscript\BytecodeMetadata.hpp">
      <Filter>Header Files\Scripting\Angelscript</Filter>
    </ClInclude>
    <ClInclude Include="..\src\Scripting\Angelscript\NativeBindings.hpp">
      <Filter>Header Files\Scripting\Angelscript\Utilities</Filter>
    </ClInclude>
    <ClInclude Include="..\src\configuration\EngineService.hpp">
      <Filter>Header Files\Configuration</Filter>
    </ClInclude>
    <ClInclude Include="..\src\Networking\Steamworks\EngineService.hpp">
      <Filter>Header Files\Networking\Steamworks</Filter>
    </ClInclude>
    <ClInclude Include="..\src\Input\XInput\EngineService.hpp">
      <Filter>Header Files\Input\XInput</Filter>
    </ClInclude>
    <ClInclude Include="..\src\Input\Win32\EngineService.hpp">
      <Filter>Header Files\Input\Win32</Filter>
    </ClInclude>
    <ClInclude Include="..\src\Utility\Containers\SpatialHash.hpp">
      <Filter>Header Files\Utility\Containers</Filter>
    </ClInclude>
    <ClInclude Include="..\src\Utility\Containers\IntrusiveForwardList.hpp">
      <Filter>Header Files\Utility\Containers</Filter>
    </ClInclude>
    <ClInclude Include="..\src\Utility\Containers\IntrusiveForwardListHook.hpp">
      <Filter>Header Files\Utility\Containers</Filter>
    </ClInclude>
    <ClInclude Include="..\src\Utility\Containers\IntrusiveList.hpp">
      <Filter>Header Files\Utility\Containers</Filter>
    </ClInclude>
    <ClInclude Include="..\src\Utility\Containers\List.hpp">
      <Filter>Header Files\Utility\Containers</Filter>
    </ClInclude>
    <ClInclude Include="..\src\Utility\memory\Allocator.hpp">
      <Filter>Header Files\Utility\Memory</Filter>
    </ClInclude>
    <ClInclude Include="..\src\Utility\memory\ArenaAllocator.hpp">
      <Filter>Header Files\Utility\Memory</Filter>
    </ClInclude>
    <ClInclude Include="..\src\Utility\Memory\ChildAllocator.hpp">
      <Filter>Header Files\Utility\Memory</Filter>
    </ClInclude>
    <ClInclude Include="..\src\Utility\Memory\NullAllocator.hpp">
      <Filter>Header Files\Utility\Memory</Filter>
    </ClInclude>
    <ClInclude Include="..\src\Utility\Memory\ObjectPoolAllocator.hpp">
      <Filter>Header Files\Utility\Memory</Filter>
    </ClInclude>
    <ClInclude Include="..\src\Utility\memory\StdAllocatorAdapterMixin.hpp">
      <Filter>Header Files\Utility\Memory</Filter>
    </ClInclude>
    <ClInclude Include="..\src\Utility\Memory\Win32HeapAllocator.hpp">
      <Filter>Header Files\Utility\Memory</Filter>
    </ClInclude>
    <ClInclude Include="..\src\Build.hpp">
      <Filter>Header Files</Filter>
    </ClInclude>
    <ClInclude Include="..\src\Utility\MPL\CharTypes.hpp">
      <Filter>Header Files\Utility\Mpl</Filter>
    </ClInclude>
    <ClInclude Include="..\src\Utility\Pair.hpp">
      <Filter>Header Files\Utility</Filter>
    </ClInclude>
    <ClInclude Include="..\src\Utility\Hash.hpp">
      <Filter>Header Files\Utility</Filter>
    </ClInclude>
    <ClInclude Include="..\src\Utility\Containers\String.hpp">
      <Filter>Header Files\Utility\Containers</Filter>
    </ClInclude>
    <ClInclude Include="..\src\renderer\VisibilitySystem.hpp">
      <Filter>Header Files\Renderer</Filter>
    </ClInclude>
    <ClInclude Include="..\src\scripting\Angelscript\SmartPointers.hpp">
      <Filter>Header Files\Scripting\Angelscript</Filter>
    </ClInclude>
    <ClInclude Include="..\src\Utility\Comparisons.hpp">
      <Filter>Header Files\Utility</Filter>
    </ClInclude>
    <ClInclude Include="..\src\Utility\Containers\IntrusiveListHook.hpp">
      <Filter>Header Files\Utility\Containers</Filter>
    </ClInclude>
    <ClInclude Include="..\src\Utility\Containers\Map.hpp">
      <Filter>Header Files\Utility\Containers</Filter>
    </ClInclude>
    <ClInclude Include="..\src\Utility\Containers\Set.hpp">
      <Filter>Header Files\Utility\Containers</Filter>
    </ClInclude>
    <ClInclude Include="..\src\Utility\Containers\HashMap.hpp">
      <Filter>Header Files\Utility\Containers</Filter>
    </ClInclude>
    <ClInclude Include="..\src\Physics\PhysX\EngineService.hpp">
      <Filter>Header Files\Physics\PhysX</Filter>
    </ClInclude>
    <ClInclude Include="..\src\Physics\PhysX\SmartPointers.hpp">
      <Filter>Header Files\Physics\PhysX</Filter>
    </ClInclude>
    <ClInclude Include="..\src\Animation\BipedalLocomotionAnimationLayer.hpp">
      <Filter>Header Files\Animation</Filter>
    </ClInclude>
    <ClInclude Include="..\src\Animation\AnimationLayer.hpp">
      <Filter>Header Files\Animation</Filter>
    </ClInclude>
    <ClInclude Include="..\src\Animation\KeyframeAnimationLayer.hpp">
      <Filter>Header Files\Animation</Filter>
    </ClInclude>
    <ClInclude Include="..\src\Renderer\Vulkan\EngineService.hpp">
      <Filter>Header Files\Renderer\Vulkan</Filter>
    </ClInclude>
    <ClInclude Include="..\src\Renderer\Vulkan\SmartPointers.hpp">
      <Filter>Header Files\Renderer\Vulkan</Filter>
    </ClInclude>
    <ClInclude Include="..\src\Animation\KeyCache.hpp">
      <Filter>Header Files\Animation</Filter>
    </ClInclude>
    <ClInclude Include="..\src\Renderer\Vulkan\HostAllocator.hpp">
      <Filter>Header Files\Renderer\Vulkan</Filter>
    </ClInclude>
    <ClInclude Include="..\src\Renderer\Vulkan\VulkanResult.hpp">
      <Filter>Header Files\Renderer\Vulkan</Filter>
    </ClInclude>
    <ClInclude Include="..\src\Utility\SurjectiveQueryDatabase.hpp">
      <Filter>Header Files\Utility</Filter>
    </ClInclude>
    <ClInclude Include="..\src\Utility\Containers\HashSet.hpp">
      <Filter>Header Files\Utility\Containers</Filter>
    </ClInclude>
    <ClInclude Include="..\src\Scripting\AngelScript\ApiExport.hpp">
      <Filter>Header Files\Scripting\Angelscript</Filter>
    </ClInclude>
    <ClInclude Include="..\src\Utility\StringLiteral.hpp">
      <Filter>Header Files\Utility</Filter>
    </ClInclude>
    <ClInclude Include="..\src\Utility\TypeHandle.hpp">
      <Filter>Header Files\Utility</Filter>
    </ClInclude>
    <ClInclude Include="..\src\Renderer\Vulkan\SpecializationConstantManager.hpp">
      <Filter>Header Files\Renderer\Vulkan</Filter>
    </ClInclude>
    <ClInclude Include="..\src\Configuration\IniParserMixin.hpp">
      <Filter>Header Files\Configuration</Filter>
    </ClInclude>
    <ClInclude Include="..\src\Renderer\Vulkan\SparseImage.hpp">
      <Filter>Header Files\Renderer\Vulkan</Filter>
    </ClInclude>
    <ClInclude Include="..\src\Utility\Containers\ConcurrentCounterHash.hpp">
      <Filter>Header Files\Utility\Containers</Filter>
    </ClInclude>
    <ClInclude Include="..\src\Renderer\Vulkan\ObjectBuilders.hpp">
      <Filter>Header Files\Renderer\Vulkan</Filter>
    </ClInclude>
    <ClInclude Include="..\src\UserInterface\Nuklear\Context.hpp">
      <Filter>Header Files\UserInterface\Nuklear</Filter>
    </ClInclude>
    <ClInclude Include="..\src\Physics\PhysX\AssetViews\ArmatureView.hpp">
      <Filter>Header Files\Physics\PhysX\AssetViews</Filter>
    </ClInclude>
    <ClInclude Include="..\src\Physics\PhysX\AssetViews\TerrainView.hpp">
      <Filter>Header Files\Physics\PhysX\AssetViews</Filter>
    </ClInclude>
    <ClInclude Include="..\src\Physics\PhysX\AssetViews\SkeletalColliderView.hpp">
      <Filter>Header Files\Physics\PhysX\AssetViews</Filter>
    </ClInclude>
    <ClInclude Include="..\src\Renderer\Vulkan\AssetViews\ImageView.hpp">
      <Filter>Header Files\Renderer\Vulkan\AssetViews</Filter>
    </ClInclude>
    <ClInclude Include="..\src\Renderer\Vulkan\AssetViews\MeshView.hpp">
      <Filter>Header Files\Renderer\Vulkan\AssetViews</Filter>
    </ClInclude>
    <ClInclude Include="..\src\Renderer\ImageHeader.hpp">
      <Filter>Header Files\Renderer</Filter>
    </ClInclude>
    <ClInclude Include="..\src\Renderer\ImageUtilities.hpp">
      <Filter>Header Files\Renderer</Filter>
    </ClInclude>
    <ClInclude Include="..\src\Scripting\AngelScript\AssetViews\BytecodePackageView.hpp">
      <Filter>Header Files\Scripting\Angelscript\AssetViews</Filter>
    </ClInclude>
    <ClInclude Include="..\src\Scripting\AngelScript\AssetViews\ObjectGraphView.hpp">
      <Filter>Header Files\Scripting\Angelscript\AssetViews</Filter>
    </ClInclude>
    <ClInclude Include="..\src\Animation\AssetViews\KeyframeAnimationView.hpp">
      <Filter>Header Files\Animation\AssetViews</Filter>
    </ClInclude>
    <ClInclude Include="..\src\Animation\ScriptComponents\Armature.hpp">
      <Filter>Header Files\Animation\ScriptComponents</Filter>
    </ClInclude>
    <ClInclude Include="..\src\Scripting\ApiRegistrar.hpp">
      <Filter>Header Files\Scripting</Filter>
    </ClInclude>
    <ClInclude Include="..\src\Scripting\Angelscript\ApiRegistrar.hpp">
      <Filter>Header Files\Scripting\Angelscript</Filter>
    </ClInclude>
    <ClInclude Include="..\src\Physics\PhysX\ScriptComponents\MeshCollider.hpp">
      <Filter>Header Files\Physics\PhysX\ScriptComponents</Filter>
    </ClInclude>
    <ClInclude Include="..\src\Physics\PhysX\ScriptComponents\TerrainCollider.hpp">
      <Filter>Header Files\Physics\PhysX\ScriptComponents</Filter>
    </ClInclude>
    <ClInclude Include="..\src\Physics\PhysX\ScriptComponents\TriggerVolume.hpp">
      <Filter>Header Files\Physics\PhysX\ScriptComponents</Filter>
    </ClInclude>
    <ClInclude Include="..\src\Renderer\Vulkan\ScriptComponents\SceneCamera.hpp">
      <Filter>Header Files\Renderer\Vulkan\ScriptComponents</Filter>
    </ClInclude>
    <ClInclude Include="..\src\Platform\PlatformInterface.hpp">
      <Filter>Header Files\Platform</Filter>
    </ClInclude>
    <ClInclude Include="..\src\Platform\PlatformWindow.hpp">
      <Filter>Header Files\Platform</Filter>
    </ClInclude>
    <ClInclude Include="..\src\Configuration\ConfigurationRegistrar.hpp">
      <Filter>Header Files\Configuration</Filter>
    </ClInclude>
    <ClInclude Include="..\src\Physics\PhysX\ScriptMessages\CollisionMessage.hpp">
      <Filter>Header Files\Physics\PhysX\ScriptMessages</Filter>
    </ClInclude>
    <ClInclude Include="..\src\Renderer\Vulkan\ScriptComponents\PlatformWindowSwapChain.hpp">
      <Filter>Header Files\Renderer\Vulkan\ScriptComponents</Filter>
    </ClInclude>
    <ClInclude Include="..\src\Networking\Steamworks\SteamTypeHelpers.hpp">
      <Filter>Header Files\Networking\Steamworks</Filter>
    </ClInclude>
    <ClInclude Include="..\src\UserInterface\Nuklear\AssetViews\UserInterfaceView.hpp">
      <Filter>Header Files\UserInterface\Nuklear\AssetViews</Filter>
    </ClInclude>
    <ClInclude Include="..\src\Input\Win32\RawInputSubscriber.hpp">
      <Filter>Header Files\Input\Win32</Filter>
    </ClInclude>
    <ClInclude Include="..\src\Input\Win32\ScriptComponents\Keyboard.hpp">
      <Filter>Header Files\Input\Win32\ScriptComponents</Filter>
    </ClInclude>
    <ClInclude Include="..\src\Input\Win32\ScriptComponents\Mouse.hpp">
      <Filter>Header Files\Input\Win32\ScriptComponents</Filter>
    </ClInclude>
    <ClInclude Include="..\src\Networking\Steamworks\WorldService.hpp">
      <Filter>Header Files\Networking\Steamworks</Filter>
    </ClInclude>
    <ClInclude Include="..\src\Physics\PhysX\WorldService.hpp">
      <Filter>Header Files\Physics\PhysX</Filter>
    </ClInclude>
    <ClInclude Include="..\src\Renderer\Vulkan\WorldService.hpp">
      <Filter>Header Files\Renderer\Vulkan</Filter>
    </ClInclude>
    <ClInclude Include="..\src\Scripting\Angelscript\WorldService.hpp">
      <Filter>Header Files\Scripting\Angelscript</Filter>
    </ClInclude>
    <ClInclude Include="..\src\Scripting\MessageBus.hpp">
      <Filter>Header Files\Scripting</Filter>
    </ClInclude>
    <ClInclude Include="..\src\Scripting\ScriptTypeToken.hpp">
      <Filter>Header Files\Scripting</Filter>
    </ClInclude>
    <ClInclude Include="..\src\Utility\EqualTo.hpp">
      <Filter>Header Files\Utility</Filter>
    </ClInclude>
    <ClInclude Include="..\src\Utility\Containers\ArrayMap.hpp">
      <Filter>Header Files\Utility\Containers</Filter>
    </ClInclude>
    <ClInclude Include="..\src\Utility\LessThan.hpp">
      <Filter>Header Files\Utility</Filter>
    </ClInclude>
    <ClInclude Include="..\src\Utility\GreaterThan.hpp">
      <Filter>Header Files\Utility</Filter>
    </ClInclude>
    <ClInclude Include="..\src\Utility\Cache.hpp">
      <Filter>Header Files\Utility</Filter>
    </ClInclude>
    <ClInclude Include="..\src\Utility\Containers\RangeAdapters.hpp">
      <Filter>Header Files\Utility</Filter>
    </ClInclude>
    <ClInclude Include="..\src\Utility\Containers\HashMultiMap.hpp">
      <Filter>Header Files\Utility\Containers</Filter>
    </ClInclude>
    <ClInclude Include="..\src\Utility\Containers\ArraySet.hpp">
      <Filter>Header Files\Utility\Containers</Filter>
    </ClInclude>
    <ClInclude Include="..\src\Utility\Memory\InstanceDeleter.hpp">
      <Filter>Header Files\Utility\Memory</Filter>
    </ClInclude>
    <ClInclude Include="..\src\Utility\UniquePointer.hpp">
      <Filter>Header Files\Utility</Filter>
    </ClInclude>
    <ClInclude Include="..\src\Platform\StripedLock.hpp">
      <Filter>Header Files\Platform</Filter>
    </ClInclude>
    <ClInclude Include="..\src\Platform\StripedReaderWriterLock.hpp">
      <Filter>Header Files\Platform</Filter>
    </ClInclude>
    <ClInclude Include="..\src\Platform\UserReadWriteMutex.hpp">
      <Filter>Header Files\Platform</Filter>
    </ClInclude>
    <ClInclude Include="..\src\Platform\UserSemaphore.hpp">
      <Filter>Header Files\Platform</Filter>
    </ClInclude>
    <ClInclude Include="..\src\Platform\SynchronousFileAppender.hpp">
      <Filter>Header Files\Platform</Filter>
    </ClInclude>
    <ClInclude Include="..\src\Platform\SynchronousFileReader.hpp">
      <Filter>Header Files\Platform</Filter>
    </ClInclude>
    <ClInclude Include="..\src\Platform\SynchronousFileWriter.hpp">
      <Filter>Header Files\Platform</Filter>
    </ClInclude>
    <ClInclude Include="..\src\Platform\MemoryMappedFile.hpp">
      <Filter>Header Files\Platform</Filter>
    </ClInclude>
    <ClInclude Include="..\src\Platform\UserWaitableEvent.hpp">
      <Filter>Header Files\Platform</Filter>
    </ClInclude>
    <ClInclude Include="..\src\Utility\Result.hpp">
      <Filter>Header Files\Utility</Filter>
    </ClInclude>
    <ClInclude Include="..\src\Utility\CountedPointer.hpp">
      <Filter>Header Files\Utility</Filter>
    </ClInclude>
    <ClInclude Include="..\src\Renderer\Vulkan\DeviceMemoryPool.hpp">
      <Filter>Header Files\Renderer\Vulkan</Filter>
    </ClInclude>
    <ClInclude Include="..\src\Logging\Log.hpp">
      <Filter>Header Files\Logging</Filter>
    </ClInclude>
    <ClInclude Include="..\src\logging\ChildLog.hpp">
      <Filter>Header Files\Logging</Filter>
    </ClInclude>
    <ClInclude Include="..\src\Logging\FileAppenderLog.hpp">
      <Filter>Header Files\Logging</Filter>
    </ClInclude>
    <ClInclude Include="..\src\Utility\Containers\Utf8String.hpp">
      <Filter>Header Files\Utility\Containers</Filter>
    </ClInclude>
    <ClInclude Include="..\src\Utility\Containers\IntrusiveMpscQueue.hpp">
      <Filter>Header Files\Utility\Containers</Filter>
    </ClInclude>
    <ClInclude Include="..\src\Physics\PhysX\ScriptComponents\SkeletalArmature.hpp">
      <Filter>Header Files\Physics\PhysX\ScriptComponents</Filter>
    </ClInclude>
    <ClInclude Include="..\src\Scripting\VirtualMachineContext.hpp">
      <Filter>Header Files\Scripting</Filter>
    </ClInclude>
    <ClInclude Include="..\src\Scripting\Angelscript\VirtualMachineContext.hpp">
      <Filter>Header Files\Scripting\Angelscript</Filter>
    </ClInclude>
    <ClInclude Include="..\src\Physics\PhysX\TypeMarshalers.hpp">
      <Filter>Header Files\Physics\PhysX</Filter>
    </ClInclude>
    <ClInclude Include="..\src\Renderer\Vulkan\SparseImageManager.hpp">
      <Filter>Header Files\Renderer\Vulkan</Filter>
    </ClInclude>
    <ClInclude Include="..\src\Renderer\Vulkan\AssetViews\RenderPipelineView.hpp">
      <Filter>Header Files\Renderer\Vulkan\AssetViews</Filter>
    </ClInclude>
    <ClInclude Include="..\src\Renderer\Vulkan\AssetViews\SpirVShaderPipelineView.hpp">
      <Filter>Header Files\Renderer\Vulkan\AssetViews</Filter>
    </ClInclude>
    <ClInclude Include="..\src\Platform\ContentProvider.hpp">
      <Filter>Header Files\Platform</Filter>
    </ClInclude>
    <ClInclude Include="..\src\Scripting\Angelscript\DeclarationFormatter.hpp">
      <Filter>Header Files\Scripting\Angelscript</Filter>
    </ClInclude>
    <ClInclude Include="..\src\Scripting\ReflectionTypes.hpp">
      <Filter>Header Files\Scripting</Filter>
    </ClInclude>
    <ClInclude Include="..\src\Renderer\Vulkan\Device.hpp">
      <Filter>Header Files\Renderer\Vulkan</Filter>
    </ClInclude>
    <ClInclude Include="..\src\Renderer\Vulkan\SwapChain.hpp">
      <Filter>Header Files\Renderer\Vulkan</Filter>
    </ClInclude>
    <ClInclude Include="..\src\Physics\PhysX\ScriptComponents\CharacterCollider.hpp">
      <Filter>Header Files\Physics\PhysX\ScriptComponents</Filter>
    </ClInclude>
    <ClInclude Include="..\src\Renderer\Vulkan\ScriptComponents\RenderMesh.hpp">
      <Filter>Header Files\Renderer\Vulkan\ScriptComponents</Filter>
    </ClInclude>
    <ClInclude Include="..\src\Renderer\Vulkan\ScriptComponents\SphereLight.hpp">
      <Filter>Header Files\Renderer\Vulkan\ScriptComponents</Filter>
    </ClInclude>
    <ClInclude Include="..\src\Renderer\UiRenderer.hpp">
      <Filter>Header Files\Renderer</Filter>
    </ClInclude>
    <ClInclude Include="..\src\Renderer\MeshTracker.hpp">
      <Filter>Header Files\Renderer</Filter>
    </ClInclude>
    <ClInclude Include="..\src\UserInterface\Nuklear\ScriptComponents\UserInterface.hpp">
      <Filter>Header Files\UserInterface\Nuklear\ScriptComponents</Filter>
    </ClInclude>
    <ClInclude Include="..\src\Renderer\Vulkan\UiRenderer.hpp">
      <Filter>Header Files\Renderer\Vulkan</Filter>
    </ClInclude>
    <ClInclude Include="..\src\Renderer\Vulkan\DeviceProperties.hpp">
      <Filter>Header Files\Renderer\Vulkan</Filter>
    </ClInclude>
    <ClInclude Include="..\src\Renderer\Vulkan\DeviceEnumerator.hpp">
      <Filter>Header Files\Renderer\Vulkan</Filter>
    </ClInclude>
    <ClInclude Include="..\src\Renderer\Vulkan\SceneRenderer.hpp">
      <Filter>Header Files\Renderer\Vulkan</Filter>
    </ClInclude>
    <ClInclude Include="..\src\Assets\AssetLibrary.hpp">
      <Filter>Header Files\Assets</Filter>
    </ClInclude>
    <ClInclude Include="..\src\Assets\AssetPackage.hpp">
      <Filter>Header Files\Assets</Filter>
    </ClInclude>
    <ClInclude Include="..\src\Assets\AssetPackageLoader.hpp">
      <Filter>Header Files\Assets</Filter>
    </ClInclude>
    <ClInclude Include="..\src\Assets\AssetPackageLoaderThread.hpp">
      <Filter>Header Files\Assets</Filter>
    </ClInclude>
    <ClInclude Include="..\src\Assets\AssetView.hpp">
      <Filter>Header Files\Assets</Filter>
    </ClInclude>
    <ClInclude Include="..\src\Assets\AssetViewFactoryRegistrar.hpp">
      <Filter>Header Files\Assets</Filter>
    </ClInclude>
    <ClInclude Include="..\src\Assets\LiveSet.hpp">
      <Filter>Header Files\Assets</Filter>
    </ClInclude>
    <ClInclude Include="..\src\Audio\XAudio2\ForwardDeclarations.hpp">
      <Filter>Header Files\Audio\XAudio2</Filter>
    </ClInclude>
    <ClInclude Include="..\src\Audio\XAudio2\EngineService.hpp">
      <Filter>Header Files\Audio\XAudio2</Filter>
    </ClInclude>
    <ClInclude Include="..\src\Scheduling\JobFiber.hpp">
      <Filter>Header Files\Scheduling</Filter>
    </ClInclude>
    <ClInclude Include="..\src\Scheduling\Thread.hpp">
      <Filter>Header Files\Scheduling</Filter>
    </ClInclude>
    <ClInclude Include="..\src\Scheduling\ThreadScheduler.hpp">
      <Filter>Header Files\Scheduling</Filter>
    </ClInclude>
    <ClInclude Include="..\src\Scheduling\Win32\FiberScheduler.hpp">
      <Filter>Header Files\Scheduling\Win32</Filter>
    </ClInclude>
    <ClInclude Include="..\src\Core\Player.hpp">
      <Filter>Header Files\Core</Filter>
    </ClInclude>
    <ClInclude Include="..\src\Core\ReferenceCountable.hpp">
      <Filter>Header Files\Core</Filter>
    </ClInclude>
    <ClInclude Include="..\src\Core\ServiceBlackboard.hpp">
      <Filter>Header Files\Core</Filter>
    </ClInclude>
    <ClInclude Include="..\src\Core\World.hpp">
      <Filter>Header Files\Core</Filter>
    </ClInclude>
    <ClInclude Include="..\src\Core\WorldService.hpp">
      <Filter>Header Files\Core</Filter>
    </ClInclude>
    <ClInclude Include="..\src\Core\Engine.hpp">
      <Filter>Header Files\Core</Filter>
    </ClInclude>
    <ClInclude Include="..\src\Core\EngineService.hpp">
      <Filter>Header Files\Core</Filter>
    </ClInclude>
    <ClInclude Include="..\src\Audio\XAudio2\WorldService.hpp">
      <Filter>Header Files\Audio\XAudio2</Filter>
    </ClInclude>
  </ItemGroup>
  <ItemGroup>
    <Image Include="..\resources\Eldritch2.ico">
      <Filter>Resource Files</Filter>
    </Image>
  </ItemGroup>
  <ItemGroup>
    <None Include="..\resources\Eldritch2.resources.aps">
      <Filter>Resource Files</Filter>
    </None>
    <None Include="..\src\Scripting\AngelScript\BytecodeMetadata.inl">
      <Filter>Source Files\Scripting\Angelscript</Filter>
    </None>
    <None Include="..\src\Utility\Algorithms.inl">
      <Filter>Source Files\Utility</Filter>
    </None>
    <None Include="..\src\Utility\COMPointer.inl">
      <Filter>Source Files\Utility</Filter>
    </None>
    <None Include="..\src\Utility\Counter.inl">
      <Filter>Source Files\Utility</Filter>
    </None>
    <None Include="..\src\Utility\DisposingResult.inl">
      <Filter>Source Files\Utility</Filter>
    </None>
    <None Include="..\src\Utility\ErrorCode.inl">
      <Filter>Source Files\Utility</Filter>
    </None>
    <None Include="..\src\Utility\IdentifierPool.inl">
      <Filter>Source Files\Utility</Filter>
    </None>
    <None Include="..\src\Utility\Containers\IntrusiveForwardList.inl">
      <Filter>Source Files\Utility\Containers</Filter>
    </None>
    <None Include="..\src\Utility\Containers\IntrusiveList.inl">
      <Filter>Source Files\Utility\Containers</Filter>
    </None>
    <None Include="..\src\Utility\Containers\List.inl">
      <Filter>Source Files\Utility\Containers</Filter>
    </None>
    <None Include="..\src\Utility\Containers\Range.inl">
      <Filter>Source Files\Utility\Containers</Filter>
    </None>
    <None Include="..\src\Utility\Containers\ResizableArray.inl">
      <Filter>Source Files\Utility\Containers</Filter>
    </None>
    <None Include="..\src\Utility\Containers\SpatialHash.inl">
      <Filter>Source Files\Utility\Containers</Filter>
    </None>
    <None Include="..\src\Utility\Math\StandardLibrary.inl">
      <Filter>Source Files\Utility\Math</Filter>
    </None>
    <None Include="..\src\Utility\Memory\ArenaAllocator.inl">
      <Filter>Source Files\Utility\Memory</Filter>
    </None>
    <None Include="..\src\Utility\Memory\ChildAllocator.inl">
      <Filter>Source Files\Utility\Memory</Filter>
    </None>
    <None Include="..\src\Utility\Memory\StdAllocatorAdapterMixin.inl">
      <Filter>Source Files\Utility\Memory</Filter>
    </None>
    <None Include="..\src\Utility\Hash.inl">
      <Filter>Source Files\Utility</Filter>
    </None>
    <None Include="..\src\Utility\Containers\String.inl">
      <Filter>Source Files\Utility\Containers</Filter>
    </None>
    <None Include="..\src\renderer\VisibilitySystem.inl">
      <Filter>Source Files\Renderer</Filter>
    </None>
    <None Include="..\src\Utility\Containers\Map.inl">
      <Filter>Source Files\Utility\Containers</Filter>
    </None>
    <None Include="..\src\Utility\Containers\Set.inl">
      <Filter>Source Files\Utility\Containers</Filter>
    </None>
    <None Include="..\src\Utility\Containers\HashMap.inl">
      <Filter>Source Files\Utility\Containers</Filter>
    </None>
    <None Include="..\src\Physics\PhysX\SmartPointers.inl">
      <Filter>Source Files\Physics\PhysX</Filter>
    </None>
    <None Include="..\src\Renderer\Vulkan\SmartPointers.inl">
      <Filter>Source Files\Renderer\Vulkan</Filter>
    </None>
    <None Include="..\src\Renderer\Vulkan\HostAllocator.inl">
      <Filter>Source Files\Renderer\Vulkan</Filter>
    </None>
    <None Include="..\src\Renderer\Vulkan\VulkanResult.inl">
      <Filter>Source Files\Renderer\Vulkan</Filter>
    </None>
    <None Include="..\src\Utility\SurjectiveQueryDatabase.inl">
      <Filter>Source Files\Utility</Filter>
    </None>
    <None Include="..\src\Utility\Containers\HashSet.inl">
      <Filter>Source Files\Utility\Containers</Filter>
    </None>
    <None Include="..\src\Animation\KeyCache.inl">
      <Filter>Source Files\Animation</Filter>
    </None>
    <None Include="..\src\Utility\StringLiteral.inl">
      <Filter>Source Files\Utility</Filter>
    </None>
    <None Include="..\src\Utility\TypeHandle.inl">
      <Filter>Source Files\Utility</Filter>
    </None>
    <None Include="..\src\Utility\Pair.inl">
      <Filter>Source Files\Utility</Filter>
    </None>
    <None Include="..\src\Configuration\IniParserMixin.inl">
      <Filter>Source Files\Configuration</Filter>
    </None>
    <None Include="..\src\Renderer\Vulkan\SparseImage.inl">
      <Filter>Source Files\Renderer\Vulkan</Filter>
    </None>
    <None Include="..\src\Renderer\Vulkan\EngineService.inl">
      <Filter>Source Files\Renderer\Vulkan</Filter>
    </None>
    <None Include="..\src\Utility\Containers\ConcurrentCounterHash.inl">
      <Filter>Source Files\Utility\Containers</Filter>
    </None>
    <None Include="..\src\Renderer\Vulkan\ObjectBuilders.inl">
      <Filter>Source Files\Renderer\Vulkan</Filter>
    </None>
    <None Include="..\src\UserInterface\Nuklear\Context.inl">
      <Filter>Source Files\UserInterface\Nuklear</Filter>
    </None>
    <None Include="..\src\Renderer\Vulkan\AssetViews\MeshView.inl">
      <Filter>Source Files\Renderer\Vulkan\AssetViews</Filter>
    </None>
    <None Include="..\src\Renderer\ImageUtilities.inl">
      <Filter>Source Files\Renderer</Filter>
    </None>
    <None Include="..\src\Scripting\AngelScript\AssetViews\BytecodePackageView.inl">
      <Filter>Source Files\Scripting\Angelscript\AssetViews</Filter>
    </None>
    <None Include="..\src\Animation\ScriptComponents\Armature.inl">
      <Filter>Source Files\Animation\ScriptComponents</Filter>
    </None>
    <None Include="..\src\Scripting\AngelScript\ApiRegistrar.inl">
      <Filter>Source Files\Scripting\Angelscript</Filter>
    </None>
    <None Include="..\src\Renderer\Vulkan\ScriptComponents\SceneCamera.inl">
      <Filter>Source Files\Renderer\Vulkan\ScriptComponents</Filter>
    </None>
    <None Include="..\src\Utility\Containers\IntrusiveMPSCQueue.inl">
      <Filter>Source Files\Utility\Containers</Filter>
    </None>
    <None Include="..\src\Physics\PhysX\WorldService.inl">
      <Filter>Source Files\Physics\PhysX</Filter>
    </None>
    <None Include="..\src\Scripting\MessageBus.inl">
      <Filter>Source Files\Scripting</Filter>
    </None>
    <None Include="..\src\Scripting\ScriptTypeToken.inl">
      <Filter>Source Files\Scripting</Filter>
    </None>
    <None Include="..\src\Utility\EqualTo.inl">
      <Filter>Source Files\Utility</Filter>
    </None>
    <None Include="..\src\Utility\Memory\EaStlAllocatorAdapterMixin.inl">
      <Filter>Source Files\Utility\Memory</Filter>
    </None>
    <None Include="..\src\Utility\Memory\EaStlAllocatorAdapterMixin.hpp">
      <Filter>Header Files\Utility\Memory</Filter>
    </None>
    <None Include="..\src\Utility\Containers\ArrayMap.inl">
      <Filter>Source Files\Utility\Containers</Filter>
    </None>
    <None Include="..\src\Utility\LessThan.inl">
      <Filter>Source Files\Utility</Filter>
    </None>
    <None Include="..\src\Utility\GreaterThan.inl">
      <Filter>Source Files\Utility</Filter>
    </None>
    <None Include="..\src\Utility\Cache.inl">
      <Filter>Source Files\Utility</Filter>
    </None>
    <None Include="..\src\Utility\Containers\HashMultiMap.inl">
      <Filter>Source Files\Utility\Containers</Filter>
    </None>
    <None Include="..\src\Utility\Containers\ArraySet.inl">
      <Filter>Source Files\Utility\Containers</Filter>
    </None>
    <None Include="..\src\Utility\Memory\InstanceDeleter.inl">
      <Filter>Source Files\Utility\Memory</Filter>
    </None>
    <None Include="..\src\Utility\UniquePointer.inl">
      <Filter>Source Files\Utility</Filter>
    </None>
    <None Include="..\src\Platform\StripedLock.inl">
      <Filter>Source Files\Platform</Filter>
    </None>
    <None Include="..\src\Platform\StripedReaderWriterLock.inl">
      <Filter>Source Files\Platform</Filter>
    </None>
    <None Include="..\src\Platform\MemoryMappedFile.inl">
      <Filter>Source Files\Platform</Filter>
    </None>
    <None Include="..\src\Configuration\ConfigurationRegistrar.inl">
      <Filter>Source Files\Configuration</Filter>
    </None>
    <None Include="..\src\Utility\MPL\CharTypes.inl">
      <Filter>Source Files\Utility\Mpl</Filter>
    </None>
    <None Include="..\src\Utility\Result.inl">
      <Filter>Source Files\Utility</Filter>
    </None>
    <None Include="..\src\Utility\CountedPointer.inl">
      <Filter>Source Files\Utility</Filter>
    </None>
    <None Include="..\src\Renderer\Vulkan\AssetViews\ImageView.inl">
      <Filter>Source Files\Renderer\Vulkan\AssetViews</Filter>
    </None>
    <None Include="..\src\Logging\Log.inl">
      <Filter>Source Files\Logging</Filter>
    </None>
    <None Include="..\src\Logging\ChildLog.inl">
      <Filter>Source Files\Logging</Filter>
    </None>
    <None Include="..\src\Renderer\Vulkan\DeviceMemoryPool.inl">
      <Filter>Source Files\Renderer\Vulkan</Filter>
    </None>
    <None Include="..\src\Physics\PhysX\ScriptComponents\SkeletalArmature.inl">
      <Filter>Source Files\Physics\PhysX\ScriptComponents</Filter>
    </None>
    <None Include="..\src\Scripting\VirtualMachineContext.inl">
      <Filter>Source Files\Scripting</Filter>
    </None>
    <None Include="..\src\Physics\PhysX\TypeMarshalers.inl">
      <Filter>Source Files\Physics\PhysX</Filter>
    </None>
    <None Include="..\src\Platform\ContentProvider.inl">
      <Filter>Source Files\Platform</Filter>
    </None>
    <None Include="..\src\Scripting\Angelscript\DeclarationFormatter.inl">
      <Filter>Source Files\Scripting\Angelscript</Filter>
    </None>
    <None Include="..\src\Utility\Mpl\MatrixTypes.inl">
      <Filter>Source Files\Utility\Mpl</Filter>
    </None>
    <None Include="..\src\Utility\Mpl\AngleTypes.inl">
      <Filter>Source Files\Utility\Mpl</Filter>
    </None>
    <None Include="..\src\Utility\MPL\VectorTypes.inl">
      <Filter>Source Files\Utility\Mpl</Filter>
    </None>
    <None Include="..\src\Scripting\ReflectionTypes.inl">
      <Filter>Source Files\Scripting</Filter>
    </None>
    <None Include="..\src\Renderer\Vulkan\Device.inl">
      <Filter>Source Files\Renderer\Vulkan</Filter>
    </None>
    <None Include="..\src\Renderer\Vulkan\SwapChain.inl">
      <Filter>Source Files\Renderer\Vulkan</Filter>
    </None>
    <None Include="..\src\Scripting\ApiRegistrar.inl">
      <Filter>Source Files\Scripting</Filter>
    </None>
    <None Include="..\src\Renderer\Vulkan\DeviceProperties.inl">
      <Filter>Source Files\Renderer\Vulkan</Filter>
    </None>
    <None Include="..\src\Renderer\Vulkan\DeviceEnumerator.inl">
      <Filter>Source Files\Renderer\Vulkan</Filter>
    </None>
    <None Include="..\src\Renderer\Vulkan\SceneRenderer.inl">
      <Filter>Source Files\Renderer\Vulkan</Filter>
    </None>
    <None Include="..\src\Assets\AssetLibrary.inl">
      <Filter>Source Files\Assets</Filter>
    </None>
    <None Include="..\src\Assets\AssetPackage.inl">
      <Filter>Source Files\Assets</Filter>
    </None>
    <None Include="..\src\Assets\AssetView.inl">
      <Filter>Source Files\Assets</Filter>
    </None>
    <None Include="..\src\Assets\LiveSet.inl">
      <Filter>Source Files\Assets</Filter>
    </None>
    <None Include="..\src\Scheduling\JobFiber.inl">
      <Filter>Source Files\Scheduling</Filter>
    </None>
    <None Include="..\src\Scheduling\Win32\FiberScheduler.inl">
      <Filter>Source Files\Scheduling\Win32</Filter>
    </None>
    <None Include="..\src\Core\ReferenceCountable.inl">
      <Filter>Source Files\Core</Filter>
    </None>
    <None Include="..\src\Core\ServiceBlackboard.inl">
      <Filter>Source Files\Core</Filter>
    </None>
    <None Include="..\src\Core\World.inl">
      <Filter>Source Files\Core</Filter>
    </None>
    <None Include="..\src\Core\WorldService.inl">
      <Filter>Source Files\Core</Filter>
    </None>
    <None Include="..\src\Core\Engine.inl">
      <Filter>Source Files\Core</Filter>
    </None>
    <None Include="..\src\Core\EngineService.inl">
      <Filter>Source Files\Core</Filter>
    </None>
  </ItemGroup>
  <ItemGroup>
    <ResourceCompile Include="..\resources\Eldritch2.Resources.rc">
      <Filter>Resource Files</Filter>
    </ResourceCompile>
  </ItemGroup>
  <ItemGroup>
    <FlatbufferSchemaItem Include="..\src\Flatbuffers\AngelscriptObjectGraph.fbc">
      <Filter>FlatBuffer Schema Defintions</Filter>
    </FlatbufferSchemaItem>
    <FlatbufferSchemaItem Include="..\src\Flatbuffers\Animation.fbc">
      <Filter>FlatBuffer Schema Defintions</Filter>
    </FlatbufferSchemaItem>
    <FlatbufferSchemaItem Include="..\src\Flatbuffers\Armature.fbc">
      <Filter>FlatBuffer Schema Defintions</Filter>
    </FlatbufferSchemaItem>
    <FlatbufferSchemaItem Include="..\src\Flatbuffers\CollisionShapes.fbc">
      <Filter>FlatBuffer Schema Defintions</Filter>
    </FlatbufferSchemaItem>
    <FlatbufferSchemaItem Include="..\src\Flatbuffers\Eldritch2Types.fbc">
      <Filter>FlatBuffer Schema Defintions</Filter>
    </FlatbufferSchemaItem>
    <FlatbufferSchemaItem Include="..\src\Flatbuffers\Mesh.fbc">
      <Filter>FlatBuffer Schema Defintions</Filter>
    </FlatbufferSchemaItem>
    <FlatbufferSchemaItem Include="..\src\Flatbuffers\NuklearUi.fbc">
      <Filter>FlatBuffer Schema Defintions</Filter>
    </FlatbufferSchemaItem>
    <FlatbufferSchemaItem Include="..\src\Flatbuffers\PackageHeader.fbc">
      <Filter>FlatBuffer Schema Defintions</Filter>
    </FlatbufferSchemaItem>
    <FlatbufferSchemaItem Include="..\src\Flatbuffers\RenderPipeline.fbc">
      <Filter>FlatBuffer Schema Defintions</Filter>
    </FlatbufferSchemaItem>
    <FlatbufferSchemaItem Include="..\src\Flatbuffers\SerializedWorld.fbc">
      <Filter>FlatBuffer Schema Defintions</Filter>
    </FlatbufferSchemaItem>
    <FlatbufferSchemaItem Include="..\src\Flatbuffers\SkeletalCollisionAsset.fbc">
      <Filter>FlatBuffer Schema Defintions</Filter>
    </FlatbufferSchemaItem>
    <FlatbufferSchemaItem Include="..\src\Flatbuffers\SoundBank.fbc">
      <Filter>FlatBuffer Schema Defintions</Filter>
    </FlatbufferSchemaItem>
    <FlatbufferSchemaItem Include="..\src\Flatbuffers\AngelscriptBytecodePackage.fbc">
      <Filter>FlatBuffer Schema Defintions</Filter>
    </FlatbufferSchemaItem>
    <FlatbufferSchemaItem Include="..\src\Flatbuffers\HlslShaderPipeline.fbc">
      <Filter>FlatBuffer Schema Defintions</Filter>
    </FlatbufferSchemaItem>
    <FlatbufferSchemaItem Include="..\src\Flatbuffers\SpirVShaderPipeline.fbc">
      <Filter>FlatBuffer Schema Defintions</Filter>
    </FlatbufferSchemaItem>
    <FlatbufferSchemaItem Include="..\src\Flatbuffers\ShaderPipelineTypes.fbc">
      <Filter>FlatBuffer Schema Defintions</Filter>
    </FlatbufferSchemaItem>
  </ItemGroup>
</Project>