<?xml version="1.0" encoding="utf-8"?>
<Project ToolsVersion="4.0" xmlns="http://schemas.microsoft.com/developer/msbuild/2003">
  <ItemGroup>
    <Filter Include="Source Files">
      <UniqueIdentifier>{4FC737F1-C7A5-4376-A066-2A32D752A2FF}</UniqueIdentifier>
      <Extensions>cpp;c;cc;cxx;def;odl;idl;hpj;bat;asm;asmx</Extensions>
    </Filter>
    <Filter Include="Source Files\Angelscript">
      <UniqueIdentifier>{d5440433-32fa-4ce7-85d7-46200e0aa3bc}</UniqueIdentifier>
    </Filter>
    <Filter Include="Header Files">
      <UniqueIdentifier>{93995380-89BD-4b04-88EB-625FBE52EBFB}</UniqueIdentifier>
      <Extensions>h;hpp;hxx;hm;inl;inc;xsd</Extensions>
    </Filter>
    <Filter Include="Header Files\Angelscript">
      <UniqueIdentifier>{faae1eb6-11f7-421e-a985-a0b0196bd4b3}</UniqueIdentifier>
    </Filter>
    <Filter Include="Resource Files">
      <UniqueIdentifier>{67DA6AB6-F800-4c08-8B7A-83BB121AAD01}</UniqueIdentifier>
      <Extensions>rc;ico;cur;bmp;dlg;rc2;rct;bin;rgs;gif;jpg;jpeg;jpe;resx;tiff;tif;png;wav</Extensions>
    </Filter>
    <Filter Include="Header Files\FileSystem">
      <UniqueIdentifier>{db9afb83-085f-4000-936f-09670be46076}</UniqueIdentifier>
    </Filter>
    <Filter Include="Source Files\FileSystem">
      <UniqueIdentifier>{0f5b2e9e-6c8f-469c-8524-929aaab3bd9d}</UniqueIdentifier>
    </Filter>
    <Filter Include="Header Files\Utility">
      <UniqueIdentifier>{c2ed2d49-1fe2-4f2f-9fa1-76e977c33432}</UniqueIdentifier>
    </Filter>
    <Filter Include="Header Files\Utility\MPL">
      <UniqueIdentifier>{001ca217-54c2-4301-bcbc-ee3794f3164f}</UniqueIdentifier>
    </Filter>
  </ItemGroup>
  <ItemGroup>
    <ClCompile Include="..\extern\angelscript\sdk\add_on\scriptbuilder\scriptbuilder.cpp">
      <Filter>Source Files\Angelscript</Filter>
    </ClCompile>
  </ItemGroup>
  <ItemGroup>
    <ClInclude Include="..\extern\angelscript\sdk\add_on\scriptbuilder\scriptbuilder.h">
      <Filter>Header Files\Angelscript</Filter>
    </ClInclude>
    <ClInclude Include="..\src\Utility\MPL\CharTypes.hpp">
      <Filter>Header Files\Utility\MPL</Filter>
    </ClInclude>
    <ClInclude Include="..\src\Utility\MPL\Compiler.hpp">
      <Filter>Header Files\Utility\MPL</Filter>
    </ClInclude>
    <ClInclude Include="..\src\Utility\MPL\IntTypes.hpp">
      <Filter>Header Files\Utility\MPL</Filter>
    </ClInclude>
    <ClInclude Include="..\src\Utility\MPL\Platform.hpp">
      <Filter>Header Files\Utility\MPL</Filter>
    </ClInclude>
  </ItemGroup>
</Project>